
Microsoft Visual Studio Solution File, Format Version 12.00
# Visual Studio Version 16
VisualStudioVersion = 16.0.29009.5
MinimumVisualStudioVersion = 10.0.40219.1
Project("{8BC9CEB8-8B4A-11D0-8D11-00A0C91BC942}") = "Hello", "Hello.vcxproj", "{43C7AA45-7479-453F-96ED-C55681FB02D4}"
EndProject
Global
	GlobalSection(SolutionConfigurationPlatforms) = preSolution
		Debug|x64 = Debug|x64
		Release|x64 = Release|x64
	EndGlobalSection
	GlobalSection(ProjectConfigurationPlatforms) = postSolution
		{43C7AA45-7479-453F-96ED-C55681FB02D4}.Debug|x64.ActiveCfg = Debug|x64
		{43C7AA45-7479-453F-96ED-C55681FB02D4}.Debug|x64.Build.0 = Debug|x64
		{43C7AA45-7479-453F-96ED-C55681FB02D4}.Debug|x64.Deploy.0 = Debug|x64
		{43C7AA45-7479-453F-96ED-C55681FB02D4}.Release|x64.ActiveCfg = Debug|x64
		{43C7AA45-7479-453F-96ED-C55681FB02D4}.Release|x64.Build.0 = Debug|x64
		{43C7AA45-7479-453F-96ED-C55681FB02D4}.Release|x64.Deploy.0 = Debug|x64
	EndGlobalSection
	GlobalSection(SolutionProperties) = preSolution
		HideSolutionNode = FALSE
	EndGlobalSection
	GlobalSection(ExtensibilityGlobals) = postSolution
		SolutionGuid = {51E9A4DD-C96D-4AD3-AD3E-7196F84793C2}
	EndGlobalSection
EndGlobal
