
Microsoft Visual Studio Solution File, Format Version 12.00
# Visual Studio Version 16
VisualStudioVersion = 16.0.29009.5
MinimumVisualStudioVersion = 10.0.40219.1
Project("{8BC9CEB8-8B4A-11D0-8D11-00A0C91BC942}") = "PriorityBooster", "PriorityBooster\PriorityBooster.vcxproj", "{FB685DF5-CEE2-4FBF-87B9-2767794258BD}"
EndProject
Project("{8BC9CEB8-8B4A-11D0-8D11-00A0C91BC942}") = "Booster", "Booster\Booster.vcxproj", "{1A5B1F34-3A50-4013-92C6-B85510EDDBCB}"
EndProject
Global
	GlobalSection(SolutionConfigurationPlatforms) = preSolution
		Debug|x64 = Debug|x64
		Release|x64 = Release|x64
	EndGlobalSection
	GlobalSection(ProjectConfigurationPlatforms) = postSolution
		{FB685DF5-CEE2-4FBF-87B9-2767794258BD}.Debug|x64.ActiveCfg = Debug|x64
		{FB685DF5-CEE2-4FBF-87B9-2767794258BD}.Debug|x64.Build.0 = Debug|x64
		{FB685DF5-CEE2-4FBF-87B9-2767794258BD}.Debug|x64.Deploy.0 = Debug|x64
		{FB685DF5-CEE2-4FBF-87B9-2767794258BD}.Release|x64.ActiveCfg = Release|x64
		{FB685DF5-CEE2-4FBF-87B9-2767794258BD}.Release|x64.Build.0 = Release|x64
		{FB685DF5-CEE2-4FBF-87B9-2767794258BD}.Release|x64.Deploy.0 = Release|x64
		{1A5B1F34-3A50-4013-92C6-B85510EDDBCB}.Debug|x64.ActiveCfg = Debug|x64
		{1A5B1F34-3A50-4013-92C6-B85510EDDBCB}.Debug|x64.Build.0 = Debug|x64
		{1A5B1F34-3A50-4013-92C6-B85510EDDBCB}.Release|x64.ActiveCfg = Release|x64
		{1A5B1F34-3A50-4013-92C6-B85510EDDBCB}.Release|x64.Build.0 = Release|x64
	EndGlobalSection
	GlobalSection(SolutionProperties) = preSolution
		HideSolutionNode = FALSE
	EndGlobalSection
	GlobalSection(ExtensibilityGlobals) = postSolution
		SolutionGuid = {C949A638-EC10-462A-8B84-294B3954C8B8}
	EndGlobalSection
EndGlobal
