
Microsoft Visual Studio Solution File, Format Version 12.00
# Visual Studio Version 16
VisualStudioVersion = 16.0.29509.3
MinimumVisualStudioVersion = 10.0.40219.1
Project("{8BC9CEB8-8B4A-11D0-8D11-00A0C91BC942}") = "SysmonV2", "SysmonV2\SysmonV2.vcxproj", "{4AB30869-7353-4447-AD31-D2E2EDB7FCDD}"
EndProject
Project("{8BC9CEB8-8B4A-11D0-8D11-00A0C91BC942}") = "SysmonV2Client", "SysmonV2Client\SysmonV2Client.vcxproj", "{5BEDED14-3C0C-4848-B8AB-892806116061}"
EndProject
Global
	GlobalSection(SolutionConfigurationPlatforms) = preSolution
		Debug|ARM = Debug|ARM
		Debug|ARM64 = Debug|ARM64
		Debug|x64 = Debug|x64
		Debug|x86 = Debug|x86
		Release|ARM = Release|ARM
		Release|ARM64 = Release|ARM64
		Release|x64 = Release|x64
		Release|x86 = Release|x86
	EndGlobalSection
	GlobalSection(ProjectConfigurationPlatforms) = postSolution
		{4AB30869-7353-4447-AD31-D2E2EDB7FCDD}.Debug|ARM.ActiveCfg = Debug|ARM
		{4AB30869-7353-4447-AD31-D2E2EDB7FCDD}.Debug|ARM.Build.0 = Debug|ARM
		{4AB30869-7353-4447-AD31-D2E2EDB7FCDD}.Debug|ARM.Deploy.0 = Debug|ARM
		{4AB30869-7353-4447-AD31-D2E2EDB7FCDD}.Debug|ARM64.ActiveCfg = Debug|ARM64
		{4AB30869-7353-4447-AD31-D2E2EDB7FCDD}.Debug|ARM64.Build.0 = Debug|ARM64
		{4AB30869-7353-4447-AD31-D2E2EDB7FCDD}.Debug|ARM64.Deploy.0 = Debug|ARM64
		{4AB30869-7353-4447-AD31-D2E2EDB7FCDD}.Debug|x64.ActiveCfg = Debug|x64
		{4AB30869-7353-4447-AD31-D2E2EDB7FCDD}.Debug|x64.Build.0 = Debug|x64
		{4AB30869-7353-4447-AD31-D2E2EDB7FCDD}.Debug|x64.Deploy.0 = Debug|x64
		{4AB30869-7353-4447-AD31-D2E2EDB7FCDD}.Debug|x86.ActiveCfg = Debug|Win32
		{4AB30869-7353-4447-AD31-D2E2EDB7FCDD}.Debug|x86.Build.0 = Debug|Win32
		{4AB30869-7353-4447-AD31-D2E2EDB7FCDD}.Debug|x86.Deploy.0 = Debug|Win32
		{4AB30869-7353-4447-AD31-D2E2EDB7FCDD}.Release|ARM.ActiveCfg = Release|ARM
		{4AB30869-7353-4447-AD31-D2E2EDB7FCDD}.Release|ARM.Build.0 = Release|ARM
		{4AB30869-7353-4447-AD31-D2E2EDB7FCDD}.Release|ARM.Deploy.0 = Release|ARM
		{4AB30869-7353-4447-AD31-D2E2EDB7FCDD}.Release|ARM64.ActiveCfg = Release|ARM64
		{4AB30869-7353-4447-AD31-D2E2EDB7FCDD}.Release|ARM64.Build.0 = Release|ARM64
		{4AB30869-7353-4447-AD31-D2E2EDB7FCDD}.Release|ARM64.Deploy.0 = Release|ARM64
		{4AB30869-7353-4447-AD31-D2E2EDB7FCDD}.Release|x64.ActiveCfg = Release|x64
		{4AB30869-7353-4447-AD31-D2E2EDB7FCDD}.Release|x64.Build.0 = Release|x64
		{4AB30869-7353-4447-AD31-D2E2EDB7FCDD}.Release|x64.Deploy.0 = Release|x64
		{4AB30869-7353-4447-AD31-D2E2EDB7FCDD}.Release|x86.ActiveCfg = Release|Win32
		{4AB30869-7353-4447-AD31-D2E2EDB7FCDD}.Release|x86.Build.0 = Release|Win32
		{4AB30869-7353-4447-AD31-D2E2EDB7FCDD}.Release|x86.Deploy.0 = Release|Win32
		{5BEDED14-3C0C-4848-B8AB-892806116061}.Debug|ARM.ActiveCfg = Debug|Win32
		{5BEDED14-3C0C-4848-B8AB-892806116061}.Debug|ARM64.ActiveCfg = Debug|Win32
		{5BEDED14-3C0C-4848-B8AB-892806116061}.Debug|x64.ActiveCfg = Debug|x64
		{5BEDED14-3C0C-4848-B8AB-892806116061}.Debug|x64.Build.0 = Debug|x64
		{5BEDED14-3C0C-4848-B8AB-892806116061}.Debug|x86.ActiveCfg = Debug|Win32
		{5BEDED14-3C0C-4848-B8AB-892806116061}.Debug|x86.Build.0 = Debug|Win32
		{5BEDED14-3C0C-4848-B8AB-892806116061}.Release|ARM.ActiveCfg = Release|Win32
		{5BEDED14-3C0C-4848-B8AB-892806116061}.Release|ARM64.ActiveCfg = Release|Win32
		{5BEDED14-3C0C-4848-B8AB-892806116061}.Release|x64.ActiveCfg = Release|x64
		{5BEDED14-3C0C-4848-B8AB-892806116061}.Release|x64.Build.0 = Release|x64
		{5BEDED14-3C0C-4848-B8AB-892806116061}.Release|x86.ActiveCfg = Release|Win32
		{5BEDED14-3C0C-4848-B8AB-892806116061}.Release|x86.Build.0 = Release|Win32
	EndGlobalSection
	GlobalSection(SolutionProperties) = preSolution
		HideSolutionNode = FALSE
	EndGlobalSection
	GlobalSection(ExtensibilityGlobals) = postSolution
		SolutionGuid = {3F8C1C1D-1DCF-4C8D-BCB5-4AF78CE9CCB5}
	EndGlobalSection
EndGlobal
